Microsoft Visual Studio Solution File, Format Version 12.00
# Visual Studio Version 16
VisualStudioVersion = 16.0.31005.135
MinimumVisualStudioVersion = 10.0.40219.1
Project("{FAE04EC0-301F-11D3-BF4B-00C04F79EFBC}") = "Pruebas_Tizen_Nativo", "Pruebas_Tizen_Nativo\Pruebas_Tizen_Nativo.csproj", "{b8487e6c-77c9-476e-a05d-dbf06fd2f7a0}"
EndProject
Global
	GlobalSection(SolutionConfigurationPlatforms) = preSolution
		Debug|Any CPU = Debug|Any CPU
		Release|Any CPU = Release|Any CPU
	EndGlobalSection
	GlobalSection(ProjectConfigurationPlatforms) = postSolution
		{b8487e6c-77c9-476e-a05d-dbf06fd2f7a0}.Debug|Any CPU.ActiveCfg = Debug|Any CPU
		{b8487e6c-77c9-476e-a05d-dbf06fd2f7a0}.Debug|Any CPU.Build.0 = Debug|Any CPU
		{b8487e6c-77c9-476e-a05d-dbf06fd2f7a0}.Release|Any CPU.ActiveCfg = Release|Any CPU
		{b8487e6c-77c9-476e-a05d-dbf06fd2f7a0}.Release|Any CPU.Build.0 = Release|Any CPU

	EndGlobalSection
	GlobalSection(SolutionProperties) = preSolution
		HideSolutionNode = FALSE
	EndGlobalSection
EndGlobal
